
Microsoft Visual Studio Solution File, Format Version 10.00
# Visual Studio 2008
Project("{D183A3D8-5FD8-494B-B014-37F57B35E655}") = "SSISIntegration", "SSISIntegration\SSISIntegration.dtproj", "{7DCC8227-187E-4C49-BEED-B0C7948118F5}"
EndProject
Global
	GlobalSection(SolutionConfigurationPlatforms) = preSolution
		Development|Default = Development|Default
	EndGlobalSection
	GlobalSection(ProjectConfigurationPlatforms) = postSolution
		{7DCC8227-187E-4C49-BEED-B0C7948118F5}.Development|Default.ActiveCfg = Development
		{7DCC8227-187E-4C49-BEED-B0C7948118F5}.Development|Default.Build.0 = Development
	EndGlobalSection
	GlobalSection(SolutionProperties) = preSolution
		HideSolutionNode = FALSE
	EndGlobalSection
EndGlobal
