
Microsoft Visual Studio Solution File, Format Version 11.00
# Visual Studio 2010
Project("{159641D6-6404-4A2A-AE62-294DE0FE8301}") = "Production", "Production\Production.dtproj", "{D6113B98-008C-40F7-AE0E-F2F3DF804ADA}"
EndProject
Global
	GlobalSection(SolutionConfigurationPlatforms) = preSolution
		Development|Default = Development|Default
	EndGlobalSection
	GlobalSection(ProjectConfigurationPlatforms) = postSolution
		{D6113B98-008C-40F7-AE0E-F2F3DF804ADA}.Development|Default.ActiveCfg = Development
		{D6113B98-008C-40F7-AE0E-F2F3DF804ADA}.Development|Default.Build.0 = Development
	EndGlobalSection
	GlobalSection(SolutionProperties) = preSolution
		HideSolutionNode = FALSE
	EndGlobalSection
EndGlobal
