
Microsoft Visual Studio Solution File, Format Version 11.00
# Visual Studio 2010
Project("{159641D6-6404-4A2A-AE62-294DE0FE8301}") = "MyPackages2008", "MyPackages2008\MyPackages2008.dtproj", "{CDD28A1F-9967-46CA-976B-DE2B497AF252}"
EndProject
Global
	GlobalSection(SolutionConfigurationPlatforms) = preSolution
		Development|Default = Development|Default
	EndGlobalSection
	GlobalSection(ProjectConfigurationPlatforms) = postSolution
		{CDD28A1F-9967-46CA-976B-DE2B497AF252}.Development|Default.ActiveCfg = Development
		{CDD28A1F-9967-46CA-976B-DE2B497AF252}.Development|Default.Build.0 = Development
	EndGlobalSection
	GlobalSection(SolutionProperties) = preSolution
		HideSolutionNode = FALSE
	EndGlobalSection
EndGlobal
