
Microsoft Visual Studio Solution File, Format Version 12.00
# Visual Studio 2013
VisualStudioVersion = 12.0.21005.1
MinimumVisualStudioVersion = 10.0.40219.1
Project("{159641D6-6404-4A2A-AE62-294DE0FE8301}") = "MyPackages2008", "MyPackages2008\MyPackages2008.dtproj", "{3292AEBD-CFCF-4EDD-8899-E49660C934B4}"
EndProject
Global
	GlobalSection(SolutionConfigurationPlatforms) = preSolution
		Development|Default = Development|Default
	EndGlobalSection
	GlobalSection(ProjectConfigurationPlatforms) = postSolution
		{3292AEBD-CFCF-4EDD-8899-E49660C934B4}.Development|Default.ActiveCfg = Development
		{3292AEBD-CFCF-4EDD-8899-E49660C934B4}.Development|Default.Build.0 = Development
	EndGlobalSection
	GlobalSection(SolutionProperties) = preSolution
		HideSolutionNode = FALSE
	EndGlobalSection
EndGlobal
