
Microsoft Visual Studio Solution File, Format Version 12.00
# Visual Studio Version 16
VisualStudioVersion = 16.0.32126.315
MinimumVisualStudioVersion = 10.0.40219.1
Project("{159641D6-6404-4A2A-AE62-294DE0FE8301}") = "MyPackagesLegacy", "MyPackagesLegacy\MyPackagesLegacy.dtproj", "{31E9B887-4DEB-42AA-8B03-2E4E6E474783}"
EndProject
Global
	GlobalSection(SolutionConfigurationPlatforms) = preSolution
		Development|Default = Development|Default
	EndGlobalSection
	GlobalSection(ProjectConfigurationPlatforms) = postSolution
		{31E9B887-4DEB-42AA-8B03-2E4E6E474783}.Development|Default.ActiveCfg = Development
		{31E9B887-4DEB-42AA-8B03-2E4E6E474783}.Development|Default.Build.0 = Development
	EndGlobalSection
	GlobalSection(SolutionProperties) = preSolution
		HideSolutionNode = FALSE
	EndGlobalSection
	GlobalSection(ExtensibilityGlobals) = postSolution
		SolutionGuid = {6D795E63-13B8-4CB1-8031-A5FF8D75475F}
	EndGlobalSection
EndGlobal
